
Microsoft Visual Studio Solution File, Format Version 12.00
# Visual Studio Version 16
VisualStudioVersion = 16.0.30413.136
MinimumVisualStudioVersion = 10.0.40219.1
Project("{FAE04EC0-301F-11D3-BF4B-00C04F79EFBC}") = "LetsGo.UWP", "LetsGo\LetsGo.UWP\LetsGo.UWP.csproj", "{032823C0-5E73-41EF-A663-82DBCEF22D55}"
EndProject
Project("{FAE04EC0-301F-11D3-BF4B-00C04F79EFBC}") = "LetsGo.Android", "LetsGo\LetsGo.Android\LetsGo.Android.csproj", "{17EECD65-C9A1-4F26-BCBF-045EE616609F}"
EndProject
Project("{FAE04EC0-301F-11D3-BF4B-00C04F79EFBC}") = "LetsGo.iOS", "LetsGo\LetsGo.iOS\LetsGo.iOS.csproj", "{488B4C53-5EB8-437B-9C83-DC6C7296B7B5}"
EndProject
Project("{FAE04EC0-301F-11D3-BF4B-00C04F79EFBC}") = "LetsGo", "LetsGo\LetsGo\LetsGo.csproj", "{7AF52CEE-82D6-4FD7-8F60-597910404F74}"
EndProject
Global
	GlobalSection(SolutionConfigurationPlatforms) = preSolution
		Debug|Any CPU = Debug|Any CPU
		Debug|ARM = Debug|ARM
		Debug|iPhone = Debug|iPhone
		Debug|iPhoneSimulator = Debug|iPhoneSimulator
		Debug|x64 = Debug|x64
		Debug|x86 = Debug|x86
		Release|Any CPU = Release|Any CPU
		Release|ARM = Release|ARM
		Release|iPhone = Release|iPhone
		Release|iPhoneSimulator = Release|iPhoneSimulator
		Release|x64 = Release|x64
		Release|x86 = Release|x86
	EndGlobalSection
	GlobalSection(ProjectConfigurationPlatforms) = postSolution
		{032823C0-5E73-41EF-A663-82DBCEF22D55}.Debug|Any CPU.ActiveCfg = Debug|x86
		{032823C0-5E73-41EF-A663-82DBCEF22D55}.Debug|Any CPU.Build.0 = Debug|x86
		{032823C0-5E73-41EF-A663-82DBCEF22D55}.Debug|Any CPU.Deploy.0 = Debug|x86
		{032823C0-5E73-41EF-A663-82DBCEF22D55}.Debug|ARM.ActiveCfg = Debug|ARM
		{032823C0-5E73-41EF-A663-82DBCEF22D55}.Debug|ARM.Build.0 = Debug|ARM
		{032823C0-5E73-41EF-A663-82DBCEF22D55}.Debug|ARM.Deploy.0 = Debug|ARM
		{032823C0-5E73-41EF-A663-82DBCEF22D55}.Debug|iPhone.ActiveCfg = Debug|x86
		{032823C0-5E73-41EF-A663-82DBCEF22D55}.Debug|iPhone.Build.0 = Debug|x86
		{032823C0-5E73-41EF-A663-82DBCEF22D55}.Debug|iPhone.Deploy.0 = Debug|x86
		{032823C0-5E73-41EF-A663-82DBCEF22D55}.Debug|iPhoneSimulator.ActiveCfg = Debug|x86
		{032823C0-5E73-41EF-A663-82DBCEF22D55}.Debug|iPhoneSimulator.Build.0 = Debug|x86
		{032823C0-5E73-41EF-A663-82DBCEF22D55}.Debug|iPhoneSimulator.Deploy.0 = Debug|x86
		{032823C0-5E73-41EF-A663-82DBCEF22D55}.Debug|x64.ActiveCfg = Debug|x64
		{032823C0-5E73-41EF-A663-82DBCEF22D55}.Debug|x64.Build.0 = Debug|x64
		{032823C0-5E73-41EF-A663-82DBCEF22D55}.Debug|x64.Deploy.0 = Debug|x64
		{032823C0-5E73-41EF-A663-82DBCEF22D55}.Debug|x86.ActiveCfg = Debug|x86
		{032823C0-5E73-41EF-A663-82DBCEF22D55}.Debug|x86.Build.0 = Debug|x86
		{032823C0-5E73-41EF-A663-82DBCEF22D55}.Debug|x86.Deploy.0 = Debug|x86
		{032823C0-5E73-41EF-A663-82DBCEF22D55}.Release|Any CPU.ActiveCfg = Release|x86
		{032823C0-5E73-41EF-A663-82DBCEF22D55}.Release|Any CPU.Build.0 = Release|x86
		{032823C0-5E73-41EF-A663-82DBCEF22D55}.Release|Any CPU.Deploy.0 = Release|x86
		{032823C0-5E73-41EF-A663-82DBCEF22D55}.Release|ARM.ActiveCfg = Release|ARM
		{032823C0-5E73-41EF-A663-82DBCEF22D55}.Release|ARM.Build.0 = Release|ARM
		{032823C0-5E73-41EF-A663-82DBCEF22D55}.Release|ARM.Deploy.0 = Release|ARM
		{032823C0-5E73-41EF-A663-82DBCEF22D55}.Release|iPhone.ActiveCfg = Release|x86
		{032823C0-5E73-41EF-A663-82DBCEF22D55}.Release|iPhone.Build.0 = Release|x86
		{032823C0-5E73-41EF-A663-82DBCEF22D55}.Release|iPhone.Deploy.0 = Release|x86
		{032823C0-5E73-41EF-A663-82DBCEF22D55}.Release|iPhoneSimulator.ActiveCfg = Release|x86
		{032823C0-5E73-41EF-A663-82DBCEF22D55}.Release|iPhoneSimulator.Build.0 = Release|x86
		{032823C0-5E73-41EF-A663-82DBCEF22D55}.Release|iPhoneSimulator.Deploy.0 = Release|x86
		{032823C0-5E73-41EF-A663-82DBCEF22D55}.Release|x64.ActiveCfg = Release|x64
		{032823C0-5E73-41EF-A663-82DBCEF22D55}.Release|x64.Build.0 = Release|x64
		{032823C0-5E73-41EF-A663-82DBCEF22D55}.Release|x64.Deploy.0 = Release|x64
		{032823C0-5E73-41EF-A663-82DBCEF22D55}.Release|x86.ActiveCfg = Release|x86
		{032823C0-5E73-41EF-A663-82DBCEF22D55}.Release|x86.Build.0 = Release|x86
		{032823C0-5E73-41EF-A663-82DBCEF22D55}.Release|x86.Deploy.0 = Release|x86
		{17EECD65-C9A1-4F26-BCBF-045EE616609F}.Debug|Any CPU.ActiveCfg = Debug|Any CPU
		{17EECD65-C9A1-4F26-BCBF-045EE616609F}.Debug|Any CPU.Build.0 = Debug|Any CPU
		{17EECD65-C9A1-4F26-BCBF-045EE616609F}.Debug|Any CPU.Deploy.0 = Debug|Any CPU
		{17EECD65-C9A1-4F26-BCBF-045EE616609F}.Debug|ARM.ActiveCfg = Debug|Any CPU
		{17EECD65-C9A1-4F26-BCBF-045EE616609F}.Debug|ARM.Build.0 = Debug|Any CPU
		{17EECD65-C9A1-4F26-BCBF-045EE616609F}.Debug|ARM.Deploy.0 = Debug|Any CPU
		{17EECD65-C9A1-4F26-BCBF-045EE616609F}.Debug|iPhone.ActiveCfg = Debug|Any CPU
		{17EECD65-C9A1-4F26-BCBF-045EE616609F}.Debug|iPhone.Build.0 = Debug|Any CPU
		{17EECD65-C9A1-4F26-BCBF-045EE616609F}.Debug|iPhone.Deploy.0 = Debug|Any CPU
		{17EECD65-C9A1-4F26-BCBF-045EE616609F}.Debug|iPhoneSimulator.ActiveCfg = Debug|Any CPU
		{17EECD65-C9A1-4F26-BCBF-045EE616609F}.Debug|iPhoneSimulator.Build.0 = Debug|Any CPU
		{17EECD65-C9A1-4F26-BCBF-045EE616609F}.Debug|iPhoneSimulator.Deploy.0 = Debug|Any CPU
		{17EECD65-C9A1-4F26-BCBF-045EE616609F}.Debug|x64.ActiveCfg = Debug|Any CPU
		{17EECD65-C9A1-4F26-BCBF-045EE616609F}.Debug|x64.Build.0 = Debug|Any CPU
		{17EECD65-C9A1-4F26-BCBF-045EE616609F}.Debug|x64.Deploy.0 = Debug|Any CPU
		{17EECD65-C9A1-4F26-BCBF-045EE616609F}.Debug|x86.ActiveCfg = Debug|Any CPU
		{17EECD65-C9A1-4F26-BCBF-045EE616609F}.Debug|x86.Build.0 = Debug|Any CPU
		{17EECD65-C9A1-4F26-BCBF-045EE616609F}.Debug|x86.Deploy.0 = Debug|Any CPU
		{17EECD65-C9A1-4F26-BCBF-045EE616609F}.Release|Any CPU.ActiveCfg = Release|Any CPU
		{17EECD65-C9A1-4F26-BCBF-045EE616609F}.Release|Any CPU.Build.0 = Release|Any CPU
		{17EECD65-C9A1-4F26-BCBF-045EE616609F}.Release|Any CPU.Deploy.0 = Release|Any CPU
		{17EECD65-C9A1-4F26-BCBF-045EE616609F}.Release|ARM.ActiveCfg = Release|Any CPU
		{17EECD65-C9A1-4F26-BCBF-045EE616609F}.Release|ARM.Build.0 = Release|Any CPU
		{17EECD65-C9A1-4F26-BCBF-045EE616609F}.Release|ARM.Deploy.0 = Release|Any CPU
		{17EECD65-C9A1-4F26-BCBF-045EE616609F}.Release|iPhone.ActiveCfg = Release|Any CPU
		{17EECD65-C9A1-4F26-BCBF-045EE616609F}.Release|iPhone.Build.0 = Release|Any CPU
		{17EECD65-C9A1-4F26-BCBF-045EE616609F}.Release|iPhone.Deploy.0 = Release|Any CPU
		{17EECD65-C9A1-4F26-BCBF-045EE616609F}.Release|iPhoneSimulator.ActiveCfg = Release|Any CPU
		{17EECD65-C9A1-4F26-BCBF-045EE616609F}.Release|iPhoneSimulator.Build.0 = Release|Any CPU
		{17EECD65-C9A1-4F26-BCBF-045EE616609F}.Release|iPhoneSimulator.Deploy.0 = Release|Any CPU
		{17EECD65-C9A1-4F26-BCBF-045EE616609F}.Release|x64.ActiveCfg = Release|Any CPU
		{17EECD65-C9A1-4F26-BCBF-045EE616609F}.Release|x64.Build.0 = Release|Any CPU
		{17EECD65-C9A1-4F26-BCBF-045EE616609F}.Release|x64.Deploy.0 = Release|Any CPU
		{17EECD65-C9A1-4F26-BCBF-045EE616609F}.Release|x86.ActiveCfg = Release|Any CPU
		{17EECD65-C9A1-4F26-BCBF-045EE616609F}.Release|x86.Build.0 = Release|Any CPU
		{17EECD65-C9A1-4F26-BCBF-045EE616609F}.Release|x86.Deploy.0 = Release|Any CPU
		{488B4C53-5EB8-437B-9C83-DC6C7296B7B5}.Debug|Any CPU.ActiveCfg = Debug|iPhone
		{488B4C53-5EB8-437B-9C83-DC6C7296B7B5}.Debug|Any CPU.Build.0 = Debug|iPhone
		{488B4C53-5EB8-437B-9C83-DC6C7296B7B5}.Debug|Any CPU.Deploy.0 = Debug|iPhone
		{488B4C53-5EB8-437B-9C83-DC6C7296B7B5}.Debug|ARM.ActiveCfg = Debug|iPhone
		{488B4C53-5EB8-437B-9C83-DC6C7296B7B5}.Debug|ARM.Build.0 = Debug|iPhone
		{488B4C53-5EB8-437B-9C83-DC6C7296B7B5}.Debug|ARM.Deploy.0 = Debug|iPhone
		{488B4C53-5EB8-437B-9C83-DC6C7296B7B5}.Debug|iPhone.ActiveCfg = Debug|iPhone
		{488B4C53-5EB8-437B-9C83-DC6C7296B7B5}.Debug|iPhone.Build.0 = Debug|iPhone
		{488B4C53-5EB8-437B-9C83-DC6C7296B7B5}.Debug|iPhone.Deploy.0 = Debug|iPhone
		{488B4C53-5EB8-437B-9C83-DC6C7296B7B5}.Debug|iPhoneSimulator.ActiveCfg = Debug|iPhoneSimulator
		{488B4C53-5EB8-437B-9C83-DC6C7296B7B5}.Debug|iPhoneSimulator.Build.0 = Debug|iPhoneSimulator
		{488B4C53-5EB8-437B-9C83-DC6C7296B7B5}.Debug|iPhoneSimulator.Deploy.0 = Debug|iPhoneSimulator
		{488B4C53-5EB8-437B-9C83-DC6C7296B7B5}.Debug|x64.ActiveCfg = Debug|iPhone
		{488B4C53-5EB8-437B-9C83-DC6C7296B7B5}.Debug|x64.Build.0 = Debug|iPhone
		{488B4C53-5EB8-437B-9C83-DC6C7296B7B5}.Debug|x64.Deploy.0 = Debug|iPhone
		{488B4C53-5EB8-437B-9C83-DC6C7296B7B5}.Debug|x86.ActiveCfg = Debug|iPhone
		{488B4C53-5EB8-437B-9C83-DC6C7296B7B5}.Debug|x86.Build.0 = Debug|iPhone
		{488B4C53-5EB8-437B-9C83-DC6C7296B7B5}.Debug|x86.Deploy.0 = Debug|iPhone
		{488B4C53-5EB8-437B-9C83-DC6C7296B7B5}.Release|Any CPU.ActiveCfg = Release|iPhone
		{488B4C53-5EB8-437B-9C83-DC6C7296B7B5}.Release|Any CPU.Build.0 = Release|iPhone
		{488B4C53-5EB8-437B-9C83-DC6C7296B7B5}.Release|Any CPU.Deploy.0 = Release|iPhone
		{488B4C53-5EB8-437B-9C83-DC6C7296B7B5}.Release|ARM.ActiveCfg = Release|iPhone
		{488B4C53-5EB8-437B-9C83-DC6C7296B7B5}.Release|ARM.Build.0 = Release|iPhone
		{488B4C53-5EB8-437B-9C83-DC6C7296B7B5}.Release|ARM.Deploy.0 = Release|iPhone
		{488B4C53-5EB8-437B-9C83-DC6C7296B7B5}.Release|iPhone.ActiveCfg = Release|iPhone
		{488B4C53-5EB8-437B-9C83-DC6C7296B7B5}.Release|iPhone.Build.0 = Release|iPhone
		{488B4C53-5EB8-437B-9C83-DC6C7296B7B5}.Release|iPhone.Deploy.0 = Release|iPhone
		{488B4C53-5EB8-437B-9C83-DC6C7296B7B5}.Release|iPhoneSimulator.ActiveCfg = Release|iPhoneSimulator
		{488B4C53-5EB8-437B-9C83-DC6C7296B7B5}.Release|iPhoneSimulator.Build.0 = Release|iPhoneSimulator
		{488B4C53-5EB8-437B-9C83-DC6C7296B7B5}.Release|iPhoneSimulator.Deploy.0 = Release|iPhoneSimulator
		{488B4C53-5EB8-437B-9C83-DC6C7296B7B5}.Release|x64.ActiveCfg = Release|iPhone
		{488B4C53-5EB8-437B-9C83-DC6C7296B7B5}.Release|x64.Build.0 = Release|iPhone
		{488B4C53-5EB8-437B-9C83-DC6C7296B7B5}.Release|x64.Deploy.0 = Release|iPhone
		{488B4C53-5EB8-437B-9C83-DC6C7296B7B5}.Release|x86.ActiveCfg = Release|iPhone
		{488B4C53-5EB8-437B-9C83-DC6C7296B7B5}.Release|x86.Build.0 = Release|iPhone
		{488B4C53-5EB8-437B-9C83-DC6C7296B7B5}.Release|x86.Deploy.0 = Release|iPhone
		{7AF52CEE-82D6-4FD7-8F60-597910404F74}.Debug|Any CPU.ActiveCfg = Debug|Any CPU
		{7AF52CEE-82D6-4FD7-8F60-597910404F74}.Debug|Any CPU.Build.0 = Debug|Any CPU
		{7AF52CEE-82D6-4FD7-8F60-597910404F74}.Debug|Any CPU.Deploy.0 = Debug|Any CPU
		{7AF52CEE-82D6-4FD7-8F60-597910404F74}.Debug|ARM.ActiveCfg = Debug|Any CPU
		{7AF52CEE-82D6-4FD7-8F60-597910404F74}.Debug|ARM.Build.0 = Debug|Any CPU
		{7AF52CEE-82D6-4FD7-8F60-597910404F74}.Debug|ARM.Deploy.0 = Debug|Any CPU
		{7AF52CEE-82D6-4FD7-8F60-597910404F74}.Debug|iPhone.ActiveCfg = Debug|Any CPU
		{7AF52CEE-82D6-4FD7-8F60-597910404F74}.Debug|iPhone.Build.0 = Debug|Any CPU
		{7AF52CEE-82D6-4FD7-8F60-597910404F74}.Debug|iPhone.Deploy.0 = Debug|Any CPU
		{7AF52CEE-82D6-4FD7-8F60-597910404F74}.Debug|iPhoneSimulator.ActiveCfg = Debug|Any CPU
		{7AF52CEE-82D6-4FD7-8F60-597910404F74}.Debug|iPhoneSimulator.Build.0 = Debug|Any CPU
		{7AF52CEE-82D6-4FD7-8F60-597910404F74}.Debug|iPhoneSimulator.Deploy.0 = Debug|Any CPU
		{7AF52CEE-82D6-4FD7-8F60-597910404F74}.Debug|x64.ActiveCfg = Debug|Any CPU
		{7AF52CEE-82D6-4FD7-8F60-597910404F74}.Debug|x64.Build.0 = Debug|Any CPU
		{7AF52CEE-82D6-4FD7-8F60-597910404F74}.Debug|x64.Deploy.0 = Debug|Any CPU
		{7AF52CEE-82D6-4FD7-8F60-597910404F74}.Debug|x86.ActiveCfg = Debug|Any CPU
		{7AF52CEE-82D6-4FD7-8F60-597910404F74}.Debug|x86.Build.0 = Debug|Any CPU
		{7AF52CEE-82D6-4FD7-8F60-597910404F74}.Debug|x86.Deploy.0 = Debug|Any CPU
		{7AF52CEE-82D6-4FD7-8F60-597910404F74}.Release|Any CPU.ActiveCfg = Release|Any CPU
		{7AF52CEE-82D6-4FD7-8F60-597910404F74}.Release|Any CPU.Build.0 = Release|Any CPU
		{7AF52CEE-82D6-4FD7-8F60-597910404F74}.Release|Any CPU.Deploy.0 = Release|Any CPU
		{7AF52CEE-82D6-4FD7-8F60-597910404F74}.Release|ARM.ActiveCfg = Release|Any CPU
		{7AF52CEE-82D6-4FD7-8F60-597910404F74}.Release|ARM.Build.0 = Release|Any CPU
		{7AF52CEE-82D6-4FD7-8F60-597910404F74}.Release|ARM.Deploy.0 = Release|Any CPU
		{7AF52CEE-82D6-4FD7-8F60-597910404F74}.Release|iPhone.ActiveCfg = Release|Any CPU
		{7AF52CEE-82D6-4FD7-8F60-597910404F74}.Release|iPhone.Build.0 = Release|Any CPU
		{7AF52CEE-82D6-4FD7-8F60-597910404F74}.Release|iPhone.Deploy.0 = Release|Any CPU
		{7AF52CEE-82D6-4FD7-8F60-597910404F74}.Release|iPhoneSimulator.ActiveCfg = Release|Any CPU
		{7AF52CEE-82D6-4FD7-8F60-597910404F74}.Release|iPhoneSimulator.Build.0 = Release|Any CPU
		{7AF52CEE-82D6-4FD7-8F60-597910404F74}.Release|iPhoneSimulator.Deploy.0 = Release|Any CPU
		{7AF52CEE-82D6-4FD7-8F60-597910404F74}.Release|x64.ActiveCfg = Release|Any CPU
		{7AF52CEE-82D6-4FD7-8F60-597910404F74}.Release|x64.Build.0 = Release|Any CPU
		{7AF52CEE-82D6-4FD7-8F60-597910404F74}.Release|x64.Deploy.0 = Release|Any CPU
		{7AF52CEE-82D6-4FD7-8F60-597910404F74}.Release|x86.ActiveCfg = Release|Any CPU
		{7AF52CEE-82D6-4FD7-8F60-597910404F74}.Release|x86.Build.0 = Release|Any CPU
		{7AF52CEE-82D6-4FD7-8F60-597910404F74}.Release|x86.Deploy.0 = Release|Any CPU
	EndGlobalSection
	GlobalSection(SolutionProperties) = preSolution
		HideSolutionNode = FALSE
	EndGlobalSection
	GlobalSection(ExtensibilityGlobals) = postSolution
		SolutionGuid = {776E086C-0A67-4500-BC4B-81A9CA8C7095}
	EndGlobalSection
EndGlobal
